PODS:
  - AFNetworking (3.1.0):
    - AFNetworking/NSURLSession (= 3.1.0)
    - AFNetworking/Reachability (= 3.1.0)
    - AFNetworking/Security (= 3.1.0)
    - AFNetworking/Serialization (= 3.1.0)
    - AFNetworking/UIKit (= 3.1.0)
  - AFNetworking/NSURLSession (3.1.0):
    - AFNetworking/Reachability
    - AFNetworking/Security
    - AFNetworking/Serialization
  - AFNetworking/Reachability (3.1.0)
  - AFNetworking/Security (3.1.0)
  - AFNetworking/Serialization (3.1.0)
  - AFNetworking/UIKit (3.1.0):
    - AFNetworking/NSURLSession
  - CocoaLumberjack (2.3.0):
    - CocoaLumberjack/Default (= 2.3.0)
    - CocoaLumberjack/Extensions (= 2.3.0)
  - CocoaLumberjack/Core (2.3.0)
  - CocoaLumberjack/Default (2.3.0):
    - CocoaLumberjack/Core
  - CocoaLumberjack/Extensions (2.3.0):
    - CocoaLumberjack/Default
  - deigo (0.0.1):
    - deigo/additions (= 0.0.1)
    - deigo/control (= 0.0.1)
    - deigo/flatbuffers (= 0.0.1)
  - deigo/additions (0.0.1):
    - deigo/control
    - deigo/flatbuffers
  - deigo/control (0.0.1):
    - AFNetworking (~> 3.1.0)
    - deigo/flatbuffers
    - MQTTClient (~> 0.7.4)
    - Realm (= 1.0.0)
    - UICKeyChainStore (~> 2.1.0)
    - XRSA (~> 1.1.1)
    - YYCache (~> 1.0.3)
  - deigo/flatbuffers (0.0.1):
    - FlatBuffers-ObjC (~> 0.0.1)
  - FlatBuffers-ObjC (0.0.2)
  - MQTTClient (0.7.8):
    - MQTTClient/Core (= 0.7.8)
  - MQTTClient/Core (0.7.8):
    - CocoaLumberjack
  - Realm (1.0.0):
    - Realm/Headers (= 1.0.0)
  - Realm/Headers (1.0.0)
  - UICKeyChainStore (2.1.0)
  - XRSA (1.1.1)
  - YYCache (1.0.3)

DEPENDENCIES:
  - deigo (~> 0.0.1)

SPEC CHECKSUMS:
  AFNetworking: 5e0e199f73d8626b11e79750991f5d173d1f8b67
  CocoaLumberjack: 97fab7ee5f507fe54445cca7ea80f926729cfd15
  deigo: ea019f96e5081d85d77fc45c54f888e084d1f362
  FlatBuffers-ObjC: 0d13dbb9ff0e19567ea107b1ee3687340ce1c8b2
  MQTTClient: be89741654eccf5a57eb62f4ef0fd57e0e19aa17
  Realm: e15cd8e7c11d3e576f628ba0b7cb855269b4991c
  UICKeyChainStore: f1cbd42216a113f0165de1e733e62905b8823432
  XRSA: 042eada67995d46a5136e3a411c3d535368d7eef
  YYCache: 282f35b5b0990833d0b7a06d864a87141a021da2

COCOAPODS: 0.39.0
